
Microsoft Visual Studio Solution File, Format Version 12.00
# Visual Studio Version 16
VisualStudioVersion = 16.0.29318.209
MinimumVisualStudioVersion = 10.0.40219.1
Project("{FAE04EC0-301F-11D3-BF4B-00C04F79EFBC}") = "week08", "week08\week08.csproj", "{266D0EF2-88C0-4EA8-8CC8-BD90DC4527B6}"
EndProject
Global
	GlobalSection(SolutionConfigurationPlatforms) = preSolution
		Debug|Any CPU = Debug|Any CPU
		Release|Any CPU = Release|Any CPU
	EndGlobalSection
	GlobalSection(ProjectConfigurationPlatforms) = postSolution
		{266D0EF2-88C0-4EA8-8CC8-BD90DC4527B6}.Debug|Any CPU.ActiveCfg = Debug|Any CPU
		{266D0EF2-88C0-4EA8-8CC8-BD90DC4527B6}.Debug|Any CPU.Build.0 = Debug|Any CPU
		{266D0EF2-88C0-4EA8-8CC8-BD90DC4527B6}.Release|Any CPU.ActiveCfg = Release|Any CPU
		{266D0EF2-88C0-4EA8-8CC8-BD90DC4527B6}.Release|Any CPU.Build.0 = Release|Any CPU
	EndGlobalSection
	GlobalSection(SolutionProperties) = preSolution
		HideSolutionNode = FALSE
	EndGlobalSection
	GlobalSection(ExtensibilityGlobals) = postSolution
		SolutionGuid = {91F74B8A-A4D6-4162-989C-CABBDEDDF905}
	EndGlobalSection
EndGlobal
